
Microsoft Visual Studio Solution File, Format Version 12.00
# Visual Studio Version 17
VisualStudioVersion = 17.5.002.0
MinimumVisualStudioVersion = 10.0.40219.1
Project("{2150E333-8FDC-42A3-9474-1A3956D46DE8}") = "sandbox", "sandbox", "{7FF2E869-D64C-4CCA-A640-B40589D80052}"
EndProject
Project("{9A19103F-16F7-4668-BE54-9A1E7A4F7556}") = "sandbox_project", "sandbox\sandbox_project\sandbox_project.csproj", "{E4654E0A-B5B0-4B7C-B23B-311C3AFE3A0C}"
EndProject
Project("{2150E333-8FDC-42A3-9474-1A3956D46DE8}") = "week01", "week01", "{26A43A79-9D68-450B-B889-58D48F52AD60}"
EndProject
Project("{9A19103F-16F7-4668-BE54-9A1E7A4F7556}") = "analyze", "week01\analyze\analyze.csproj", "{3F30A70D-08F9-4571-8A8E-92DD74516D86}"
EndProject
Project("{9A19103F-16F7-4668-BE54-9A1E7A4F7556}") = "code", "week01\code\code.csproj", "{0C1D5910-BBEF-48E1-9265-4080172AEFCF}"
EndProject
Project("{9A19103F-16F7-4668-BE54-9A1E7A4F7556}") = "teach", "week01\teach\teach.csproj", "{A05805F2-DF32-428D-B1C8-532195DAB3BE}"
EndProject
Project("{2150E333-8FDC-42A3-9474-1A3956D46DE8}") = "week02", "week02", "{470165E7-DB20-4DFE-9155-DE312C7EE5D7}"
EndProject
Project("{9A19103F-16F7-4668-BE54-9A1E7A4F7556}") = "analyze", "week02\analyze\analyze.csproj", "{89129B8D-1310-4728-98BA-05E266A55A93}"
EndProject
Project("{9A19103F-16F7-4668-BE54-9A1E7A4F7556}") = "code", "week02\code\code.csproj", "{D8DFCB51-4323-4CD4-A077-74064391C491}"
EndProject
Project("{9A19103F-16F7-4668-BE54-9A1E7A4F7556}") = "learn", "week02\learn\learn.csproj", "{C4A03E11-41DE-4131-A109-18C83D8AAA2B}"
EndProject
Project("{9A19103F-16F7-4668-BE54-9A1E7A4F7556}") = "teach", "week02\teach\teach.csproj", "{F1792C2F-45DB-465E-A4DC-79F555498D90}"
EndProject
Project("{2150E333-8FDC-42A3-9474-1A3956D46DE8}") = "week03", "week03", "{FED04F84-B407-4EE8-8578-3A52A8AE3C4C}"
EndProject
Project("{9A19103F-16F7-4668-BE54-9A1E7A4F7556}") = "code", "week03\code\code.csproj", "{D08F8972-D550-4A10-B2C8-485E9134E19C}"
EndProject
Project("{9A19103F-16F7-4668-BE54-9A1E7A4F7556}") = "learn", "week03\learn\learn.csproj", "{4156A7A5-F6C4-4A39-979E-F27F5A425BB2}"
EndProject
Project("{9A19103F-16F7-4668-BE54-9A1E7A4F7556}") = "teach", "week03\teach\teach.csproj", "{139D56A9-F008-4E39-A552-33DC555AE540}"
EndProject
Project("{2150E333-8FDC-42A3-9474-1A3956D46DE8}") = "week04", "week04", "{A09D22B6-733F-4EFA-9127-3D81C16FA900}"
EndProject
Project("{9A19103F-16F7-4668-BE54-9A1E7A4F7556}") = "code", "week04\code\code.csproj", "{93045E92-3D0F-42A4-A18B-7C4BA0B88ADA}"
EndProject
Project("{2150E333-8FDC-42A3-9474-1A3956D46DE8}") = "week05", "week05", "{09E057CF-69AA-45C6-878D-8CBEC6FF9969}"
EndProject
Project("{9A19103F-16F7-4668-BE54-9A1E7A4F7556}") = "code", "week05\code\code.csproj", "{04719E48-8AA9-42EA-ABD2-FCDE19293AF7}"
EndProject
Project("{2150E333-8FDC-42A3-9474-1A3956D46DE8}") = "week06", "week06", "{91573E92-91B5-4E1F-BC23-1477AAB1B080}"
EndProject
Project("{9A19103F-16F7-4668-BE54-9A1E7A4F7556}") = "code", "week06\code\code.csproj", "{4DFAECEF-4287-43FB-AECB-65F0E986EE52}"
EndProject
Global
	GlobalSection(SolutionConfigurationPlatforms) = preSolution
		Debug|Any CPU = Debug|Any CPU
		Release|Any CPU = Release|Any CPU
	EndGlobalSection
	GlobalSection(ProjectConfigurationPlatforms) = postSolution
		{E4654E0A-B5B0-4B7C-B23B-311C3AFE3A0C}.Debug|Any CPU.ActiveCfg = Debug|Any CPU
		{E4654E0A-B5B0-4B7C-B23B-311C3AFE3A0C}.Debug|Any CPU.Build.0 = Debug|Any CPU
		{E4654E0A-B5B0-4B7C-B23B-311C3AFE3A0C}.Release|Any CPU.ActiveCfg = Release|Any CPU
		{E4654E0A-B5B0-4B7C-B23B-311C3AFE3A0C}.Release|Any CPU.Build.0 = Release|Any CPU
		{3F30A70D-08F9-4571-8A8E-92DD74516D86}.Debug|Any CPU.ActiveCfg = Debug|Any CPU
		{3F30A70D-08F9-4571-8A8E-92DD74516D86}.Debug|Any CPU.Build.0 = Debug|Any CPU
		{3F30A70D-08F9-4571-8A8E-92DD74516D86}.Release|Any CPU.ActiveCfg = Release|Any CPU
		{3F30A70D-08F9-4571-8A8E-92DD74516D86}.Release|Any CPU.Build.0 = Release|Any CPU
		{0C1D5910-BBEF-48E1-9265-4080172AEFCF}.Debug|Any CPU.ActiveCfg = Debug|Any CPU
		{0C1D5910-BBEF-48E1-9265-4080172AEFCF}.Debug|Any CPU.Build.0 = Debug|Any CPU
		{0C1D5910-BBEF-48E1-9265-4080172AEFCF}.Release|Any CPU.ActiveCfg = Release|Any CPU
		{0C1D5910-BBEF-48E1-9265-4080172AEFCF}.Release|Any CPU.Build.0 = Release|Any CPU
		{A05805F2-DF32-428D-B1C8-532195DAB3BE}.Debug|Any CPU.ActiveCfg = Debug|Any CPU
		{A05805F2-DF32-428D-B1C8-532195DAB3BE}.Debug|Any CPU.Build.0 = Debug|Any CPU
		{A05805F2-DF32-428D-B1C8-532195DAB3BE}.Release|Any CPU.ActiveCfg = Release|Any CPU
		{A05805F2-DF32-428D-B1C8-532195DAB3BE}.Release|Any CPU.Build.0 = Release|Any CPU
		{89129B8D-1310-4728-98BA-05E266A55A93}.Debug|Any CPU.ActiveCfg = Debug|Any CPU
		{89129B8D-1310-4728-98BA-05E266A55A93}.Debug|Any CPU.Build.0 = Debug|Any CPU
		{89129B8D-1310-4728-98BA-05E266A55A93}.Release|Any CPU.ActiveCfg = Release|Any CPU
		{89129B8D-1310-4728-98BA-05E266A55A93}.Release|Any CPU.Build.0 = Release|Any CPU
		{D8DFCB51-4323-4CD4-A077-74064391C491}.Debug|Any CPU.ActiveCfg = Debug|Any CPU
		{D8DFCB51-4323-4CD4-A077-74064391C491}.Debug|Any CPU.Build.0 = Debug|Any CPU
		{D8DFCB51-4323-4CD4-A077-74064391C491}.Release|Any CPU.ActiveCfg = Release|Any CPU
		{D8DFCB51-4323-4CD4-A077-74064391C491}.Release|Any CPU.Build.0 = Release|Any CPU
		{C4A03E11-41DE-4131-A109-18C83D8AAA2B}.Debug|Any CPU.ActiveCfg = Debug|Any CPU
		{C4A03E11-41DE-4131-A109-18C83D8AAA2B}.Debug|Any CPU.Build.0 = Debug|Any CPU
		{C4A03E11-41DE-4131-A109-18C83D8AAA2B}.Release|Any CPU.ActiveCfg = Release|Any CPU
		{C4A03E11-41DE-4131-A109-18C83D8AAA2B}.Release|Any CPU.Build.0 = Release|Any CPU
		{F1792C2F-45DB-465E-A4DC-79F555498D90}.Debug|Any CPU.ActiveCfg = Debug|Any CPU
		{F1792C2F-45DB-465E-A4DC-79F555498D90}.Debug|Any CPU.Build.0 = Debug|Any CPU
		{F1792C2F-45DB-465E-A4DC-79F555498D90}.Release|Any CPU.ActiveCfg = Release|Any CPU
		{F1792C2F-45DB-465E-A4DC-79F555498D90}.Release|Any CPU.Build.0 = Release|Any CPU
		{D08F8972-D550-4A10-B2C8-485E9134E19C}.Debug|Any CPU.ActiveCfg = Debug|Any CPU
		{D08F8972-D550-4A10-B2C8-485E9134E19C}.Debug|Any CPU.Build.0 = Debug|Any CPU
		{D08F8972-D550-4A10-B2C8-485E9134E19C}.Release|Any CPU.ActiveCfg = Release|Any CPU
		{D08F8972-D550-4A10-B2C8-485E9134E19C}.Release|Any CPU.Build.0 = Release|Any CPU
		{4156A7A5-F6C4-4A39-979E-F27F5A425BB2}.Debug|Any CPU.ActiveCfg = Debug|Any CPU
		{4156A7A5-F6C4-4A39-979E-F27F5A425BB2}.Debug|Any CPU.Build.0 = Debug|Any CPU
		{4156A7A5-F6C4-4A39-979E-F27F5A425BB2}.Release|Any CPU.ActiveCfg = Release|Any CPU
		{4156A7A5-F6C4-4A39-979E-F27F5A425BB2}.Release|Any CPU.Build.0 = Release|Any CPU
		{139D56A9-F008-4E39-A552-33DC555AE540}.Debug|Any CPU.ActiveCfg = Debug|Any CPU
		{139D56A9-F008-4E39-A552-33DC555AE540}.Debug|Any CPU.Build.0 = Debug|Any CPU
		{139D56A9-F008-4E39-A552-33DC555AE540}.Release|Any CPU.ActiveCfg = Release|Any CPU
		{139D56A9-F008-4E39-A552-33DC555AE540}.Release|Any CPU.Build.0 = Release|Any CPU
		{93045E92-3D0F-42A4-A18B-7C4BA0B88ADA}.Debug|Any CPU.ActiveCfg = Debug|Any CPU
		{93045E92-3D0F-42A4-A18B-7C4BA0B88ADA}.Debug|Any CPU.Build.0 = Debug|Any CPU
		{93045E92-3D0F-42A4-A18B-7C4BA0B88ADA}.Release|Any CPU.ActiveCfg = Release|Any CPU
		{93045E92-3D0F-42A4-A18B-7C4BA0B88ADA}.Release|Any CPU.Build.0 = Release|Any CPU
		{04719E48-8AA9-42EA-ABD2-FCDE19293AF7}.Debug|Any CPU.ActiveCfg = Debug|Any CPU
		{04719E48-8AA9-42EA-ABD2-FCDE19293AF7}.Debug|Any CPU.Build.0 = Debug|Any CPU
		{04719E48-8AA9-42EA-ABD2-FCDE19293AF7}.Release|Any CPU.ActiveCfg = Release|Any CPU
		{04719E48-8AA9-42EA-ABD2-FCDE19293AF7}.Release|Any CPU.Build.0 = Release|Any CPU
		{4DFAECEF-4287-43FB-AECB-65F0E986EE52}.Debug|Any CPU.ActiveCfg = Debug|Any CPU
		{4DFAECEF-4287-43FB-AECB-65F0E986EE52}.Debug|Any CPU.Build.0 = Debug|Any CPU
		{4DFAECEF-4287-43FB-AECB-65F0E986EE52}.Release|Any CPU.ActiveCfg = Release|Any CPU
		{4DFAECEF-4287-43FB-AECB-65F0E986EE52}.Release|Any CPU.Build.0 = Release|Any CPU
	EndGlobalSection
	GlobalSection(SolutionProperties) = preSolution
		HideSolutionNode = FALSE
	EndGlobalSection
	GlobalSection(NestedProjects) = preSolution
		{E4654E0A-B5B0-4B7C-B23B-311C3AFE3A0C} = {7FF2E869-D64C-4CCA-A640-B40589D80052}
		{3F30A70D-08F9-4571-8A8E-92DD74516D86} = {26A43A79-9D68-450B-B889-58D48F52AD60}
		{0C1D5910-BBEF-48E1-9265-4080172AEFCF} = {26A43A79-9D68-450B-B889-58D48F52AD60}
		{A05805F2-DF32-428D-B1C8-532195DAB3BE} = {26A43A79-9D68-450B-B889-58D48F52AD60}
		{89129B8D-1310-4728-98BA-05E266A55A93} = {470165E7-DB20-4DFE-9155-DE312C7EE5D7}
		{D8DFCB51-4323-4CD4-A077-74064391C491} = {470165E7-DB20-4DFE-9155-DE312C7EE5D7}
		{C4A03E11-41DE-4131-A109-18C83D8AAA2B} = {470165E7-DB20-4DFE-9155-DE312C7EE5D7}
		{F1792C2F-45DB-465E-A4DC-79F555498D90} = {470165E7-DB20-4DFE-9155-DE312C7EE5D7}
		{D08F8972-D550-4A10-B2C8-485E9134E19C} = {FED04F84-B407-4EE8-8578-3A52A8AE3C4C}
		{4156A7A5-F6C4-4A39-979E-F27F5A425BB2} = {FED04F84-B407-4EE8-8578-3A52A8AE3C4C}
		{139D56A9-F008-4E39-A552-33DC555AE540} = {FED04F84-B407-4EE8-8578-3A52A8AE3C4C}
		{93045E92-3D0F-42A4-A18B-7C4BA0B88ADA} = {A09D22B6-733F-4EFA-9127-3D81C16FA900}
		{04719E48-8AA9-42EA-ABD2-FCDE19293AF7} = {09E057CF-69AA-45C6-878D-8CBEC6FF9969}
		{4DFAECEF-4287-43FB-AECB-65F0E986EE52} = {91573E92-91B5-4E1F-BC23-1477AAB1B080}
	EndGlobalSection
	GlobalSection(ExtensibilityGlobals) = postSolution
		SolutionGuid = {EE355AF7-95F8-407E-B15E-303F50C8962F}
	EndGlobalSection
EndGlobal
