
Microsoft Visual Studio Solution File, Format Version 12.00
# Visual Studio Version 17
VisualStudioVersion = 17.5.002.0
MinimumVisualStudioVersion = 10.0.40219.1
Project("{9A19103F-16F7-4668-BE54-9A1E7A4F7556}") = "code", "code.csproj", "{87548687-6C90-445E-AB9A-980776DEB2EA}"
EndProject
Global
	GlobalSection(SolutionConfigurationPlatforms) = preSolution
		Debug|Any CPU = Debug|Any CPU
		Release|Any CPU = Release|Any CPU
	EndGlobalSection
	GlobalSection(ProjectConfigurationPlatforms) = postSolution
		{87548687-6C90-445E-AB9A-980776DEB2EA}.Debug|Any CPU.ActiveCfg = Debug|Any CPU
		{87548687-6C90-445E-AB9A-980776DEB2EA}.Debug|Any CPU.Build.0 = Debug|Any CPU
		{87548687-6C90-445E-AB9A-980776DEB2EA}.Release|Any CPU.ActiveCfg = Release|Any CPU
		{87548687-6C90-445E-AB9A-980776DEB2EA}.Release|Any CPU.Build.0 = Release|Any CPU
	EndGlobalSection
	GlobalSection(SolutionProperties) = preSolution
		HideSolutionNode = FALSE
	EndGlobalSection
	GlobalSection(ExtensibilityGlobals) = postSolution
		SolutionGuid = {EDC6803A-D6DE-4AF1-B089-39107AC049B6}
	EndGlobalSection
EndGlobal
